
Microsoft Visual Studio Solution File, Format Version 12.00
# Visual Studio Version 17
VisualStudioVersion = 17.0.31903.59
MinimumVisualStudioVersion = 10.0.40219.1
Project("{2150E333-8FDC-42A3-9474-1A3956D46DE8}") = "src", "src", "{064D10E0-2156-443A-9282-32F3244F5E81}"
EndProject
Project("{FAE04EC0-301F-11D3-BF4B-00C04F79EFBC}") = "Aura.WebApi", "src\Aura.WebApi\Aura.WebApi.csproj", "{337EDEE2-88F0-4B58-93C6-3261DDDB0B64}"
EndProject
Global
	GlobalSection(SolutionConfigurationPlatforms) = preSolution
		Debug|Any CPU = Debug|Any CPU
		Release|Any CPU = Release|Any CPU
	EndGlobalSection
	GlobalSection(SolutionProperties) = preSolution
		HideSolutionNode = FALSE
	EndGlobalSection
	GlobalSection(ProjectConfigurationPlatforms) = postSolution
		{337EDEE2-88F0-4B58-93C6-3261DDDB0B64}.Debug|Any CPU.ActiveCfg = Debug|Any CPU
		{337EDEE2-88F0-4B58-93C6-3261DDDB0B64}.Debug|Any CPU.Build.0 = Debug|Any CPU
		{337EDEE2-88F0-4B58-93C6-3261DDDB0B64}.Release|Any CPU.ActiveCfg = Release|Any CPU
		{337EDEE2-88F0-4B58-93C6-3261DDDB0B64}.Release|Any CPU.Build.0 = Release|Any CPU
	EndGlobalSection
	GlobalSection(NestedProjects) = preSolution
		{337EDEE2-88F0-4B58-93C6-3261DDDB0B64} = {064D10E0-2156-443A-9282-32F3244F5E81}
	EndGlobalSection
EndGlobal
